
Microsoft Visual Studio Solution File, Format Version 12.00
# Visual Studio Version 16
VisualStudioVersion = 16.0.31205.134
MinimumVisualStudioVersion = 10.0.40219.1
Project("{FAE04EC0-301F-11D3-BF4B-00C04F79EFBC}") = "ClasesMateLogica", "ClasesMateLogica\ClasesMateLogica.csproj", "{7693837B-CC18-421F-BBC8-C26A8EBAC30C}"
EndProject
Project("{FAE04EC0-301F-11D3-BF4B-00C04F79EFBC}") = "ClasesMateLogicaTests", "ClasesMateLogicaTests\ClasesMateLogicaTests.csproj", "{95DD3623-B9CE-47AE-AB0A-5D1B57A7AC49}"
EndProject
Global
	GlobalSection(SolutionConfigurationPlatforms) = preSolution
		Debug|Any CPU = Debug|Any CPU
		Release|Any CPU = Release|Any CPU
	EndGlobalSection
	GlobalSection(ProjectConfigurationPlatforms) = postSolution
		{7693837B-CC18-421F-BBC8-C26A8EBAC30C}.Debug|Any CPU.ActiveCfg = Debug|Any CPU
		{7693837B-CC18-421F-BBC8-C26A8EBAC30C}.Debug|Any CPU.Build.0 = Debug|Any CPU
		{7693837B-CC18-421F-BBC8-C26A8EBAC30C}.Release|Any CPU.ActiveCfg = Release|Any CPU
		{7693837B-CC18-421F-BBC8-C26A8EBAC30C}.Release|Any CPU.Build.0 = Release|Any CPU
		{95DD3623-B9CE-47AE-AB0A-5D1B57A7AC49}.Debug|Any CPU.ActiveCfg = Debug|Any CPU
		{95DD3623-B9CE-47AE-AB0A-5D1B57A7AC49}.Debug|Any CPU.Build.0 = Debug|Any CPU
		{95DD3623-B9CE-47AE-AB0A-5D1B57A7AC49}.Release|Any CPU.ActiveCfg = Release|Any CPU
		{95DD3623-B9CE-47AE-AB0A-5D1B57A7AC49}.Release|Any CPU.Build.0 = Release|Any CPU
	EndGlobalSection
	GlobalSection(SolutionProperties) = preSolution
		HideSolutionNode = FALSE
	EndGlobalSection
	GlobalSection(ExtensibilityGlobals) = postSolution
		SolutionGuid = {68BCC988-4D60-46CE-A6ED-067846F3D8A9}
	EndGlobalSection
EndGlobal
